# This file is automatically @generated by Cargo.
# It is not intended for manual editing.
version = 4

[[package]]
name = "ota-agent"
version = "0.1.0"

[[package]]
name = "ota-agentd"
version = "0.1.0"

[[package]]
name = "ota-api"
version = "0.1.0"

[[package]]
name = "ota-boot"
version = "0.1.0"

[[package]]
name = "ota-cli"
version = "0.1.0"

[[package]]
name = "ota-core"
version = "0.1.0"

[[package]]
name = "ota-crypto"
version = "0.1.0"

[[package]]
name = "ota-delta"
version = "0.1.0"

[[package]]
name = "ota-hal"
version = "0.1.0"

[[package]]
name = "ota-package"
version = "0.1.0"

[[package]]
name = "ota-python"
version = "0.1.0"

[[package]]
name = "ota-server"
version = "0.1.0"

[[package]]
name = "ota-serverd"
version = "0.1.0"

[[package]]
name = "ota-transport"
version = "0.1.0"

[[package]]
name = "xtask"
version = "0.1.0"
